# This is a Gradle generated file for dependency locking.
# Manual edits can break the build and are not advised.
# This file is expected to be part of source control.
# To regenerate this file, run: ./gradlew :spring-xchange:spring-xchange-starter:dependencies --write-locks
biz.aQute.bnd:biz.aQute.bnd.annotation:7.1.0=compileClasspath,e2eTestCompileClasspath,exampleTestCompileClasspath,integTestCompileClasspath,testCompileClasspath,testcontainerTestCompileClasspath
ch.qos.logback:logback-classic:1.5.38=compileClasspath,e2eTestCompileClasspath,e2eTestRuntimeClasspath,exampleTestCompileClasspath,exampleTestRuntimeClasspath,integTestCompileClasspath,integTestRuntimeClasspath,runtimeClasspath,testCompileClasspath,testRuntimeClasspath,testcontainerTestCompileClasspath,testcontainerTestRuntimeClasspath
ch.qos.logback:logback-core:1.5.38=compileClasspath,e2eTestCompileClasspath,e2eTestRuntimeClasspath,exampleTestCompileClasspath,exampleTestRuntimeClasspath,integTestCompileClasspath,integTestRuntimeClasspath,runtimeClasspath,testCompileClasspath,testRuntimeClasspath,testcontainerTestCompileClasspath,testcontainerTestRuntimeClasspath
com.fasterxml.jackson.core:jackson-annotations:2.21=compileClasspath,e2eTestCompileClasspath,e2eTestRuntimeClasspath,exampleTestCompileClasspath,exampleTestRuntimeClasspath,integTestCompileClasspath,integTestRuntimeClasspath,runtimeClasspath,testCompileClasspath,testRuntimeClasspath,testcontainerTestCompileClasspath,testcontainerTestRuntimeClasspath
com.fasterxml.jackson.core:jackson-core:2.21.5=compileClasspath,e2eTestCompileClasspath,e2eTestRuntimeClasspath,exampleTestCompileClasspath,exampleTestRuntimeClasspath,integTestCompileClasspath,integTestRuntimeClasspath,runtimeClasspath,testCompileClasspath,testRuntimeClasspath,testcontainerTestCompileClasspath,testcontainerTestRuntimeClasspath
com.fasterxml.jackson.core:jackson-databind:2.21.5=compileClasspath,e2eTestCompileClasspath,e2eTestRuntimeClasspath,exampleTestCompileClasspath,exampleTestRuntimeClasspath,integTestCompileClasspath,integTestRuntimeClasspath,runtimeClasspath,testCompileClasspath,testRuntimeClasspath,testcontainerTestCompileClasspath,testcontainerTestRuntimeClasspath
com.fasterxml.jackson.datatype:jackson-datatype-jsr310:2.21.5=compileClasspath,e2eTestCompileClasspath,e2eTestRuntimeClasspath,exampleTestCompileClasspath,exampleTestRuntimeClasspath,integTestCompileClasspath,integTestRuntimeClasspath,runtimeClasspath,testCompileClasspath,testRuntimeClasspath,testcontainerTestCompileClasspath,testcontainerTestRuntimeClasspath
com.fasterxml.jackson:jackson-bom:2.21.5=compileClasspath,e2eTestCompileClasspath,e2eTestRuntimeClasspath,exampleTestCompileClasspath,exampleTestRuntimeClasspath,integTestCompileClasspath,integTestRuntimeClasspath,runtimeClasspath,testCompileClasspath,testRuntimeClasspath,testcontainerTestCompileClasspath,testcontainerTestRuntimeClasspath
com.github.mmazi:rescu:3.1=compileClasspath,e2eTestCompileClasspath,e2eTestRuntimeClasspath,exampleTestCompileClasspath,exampleTestRuntimeClasspath,integTestCompileClasspath,integTestRuntimeClasspath,runtimeClasspath,testCompileClasspath,testRuntimeClasspath,testcontainerTestCompileClasspath,testcontainerTestRuntimeClasspath
com.github.spotbugs:spotbugs-annotations:4.10.4=compileClasspath,e2eTestCompileClasspath,exampleTestCompileClasspath,integTestCompileClasspath,spotbugs,testCompileClasspath,testcontainerTestCompileClasspath
com.github.spotbugs:spotbugs:4.10.4=spotbugs
com.github.stephenc.jcip:jcip-annotations:1.0-1=spotbugs
com.google.code.findbugs:jsr305:3.0.2=checkstyle,compileClasspath,e2eTestCompileClasspath,e2eTestRuntimeClasspath,exampleTestCompileClasspath,exampleTestRuntimeClasspath,integTestCompileClasspath,integTestRuntimeClasspath,runtimeClasspath,spotbugs,testCompileClasspath,testRuntimeClasspath,testcontainerTestCompileClasspath,testcontainerTestRuntimeClasspath
com.google.code.gson:gson:2.13.2=spotbugs
com.google.errorprone:error_prone_annotations:2.41.0=checkstyle,spotbugs
com.google.errorprone:error_prone_annotations:2.50.0=compileClasspath,e2eTestCompileClasspath,e2eTestRuntimeClasspath,exampleTestCompileClasspath,exampleTestRuntimeClasspath,integTestCompileClasspath,integTestRuntimeClasspath,runtimeClasspath,testCompileClasspath,testRuntimeClasspath,testcontainerTestCompileClasspath,testcontainerTestRuntimeClasspath
com.google.guava:failureaccess:1.0.3=checkstyle,compileClasspath,e2eTestCompileClasspath,e2eTestRuntimeClasspath,exampleTestCompileClasspath,exampleTestRuntimeClasspath,integTestCompileClasspath,integTestRuntimeClasspath,runtimeClasspath,testCompileClasspath,testRuntimeClasspath,testcontainerTestCompileClasspath,testcontainerTestRuntimeClasspath
com.google.guava:guava:33.5.0-jre=checkstyle
com.google.guava:guava:33.7.1-jre=compileClasspath,e2eTestCompileClasspath,e2eTestRuntimeClasspath,exampleTestCompileClasspath,exampleTestRuntimeClasspath,integTestCompileClasspath,integTestRuntimeClasspath,runtimeClasspath,testCompileClasspath,testRuntimeClasspath,testcontainerTestCompileClasspath,testcontainerTestRuntimeClasspath
com.google.guava:listenablefuture:9999.0-empty-to-avoid-conflict-with-guava=checkstyle,compileClasspath,e2eTestCompileClasspath,e2eTestRuntimeClasspath,exampleTestCompileClasspath,exampleTestRuntimeClasspath,integTestCompileClasspath,integTestRuntimeClasspath,runtimeClasspath,testCompileClasspath,testRuntimeClasspath,testcontainerTestCompileClasspath,testcontainerTestRuntimeClasspath
com.google.j2objc:j2objc-annotations:3.1=checkstyle,compileClasspath,e2eTestCompileClasspath,e2eTestRuntimeClasspath,exampleTestCompileClasspath,exampleTestRuntimeClasspath,integTestCompileClasspath,integTestRuntimeClasspath,runtimeClasspath,testCompileClasspath,testRuntimeClasspath,testcontainerTestCompileClasspath,testcontainerTestRuntimeClasspath
com.h3xstream.findsecbugs:findsecbugs-plugin:1.14.0=spotbugsPlugins
com.jayway.jsonpath:json-path:2.10.0=e2eTestCompileClasspath,e2eTestRuntimeClasspath,exampleTestCompileClasspath,exampleTestRuntimeClasspath,integTestCompileClasspath,integTestRuntimeClasspath,testCompileClasspath,testRuntimeClasspath,testcontainerTestCompileClasspath,testcontainerTestRuntimeClasspath
com.puppycrawl.tools:checkstyle:12.3.1=checkstyle
com.vaadin.external.google:android-json:0.0.20131108.vaadin1=e2eTestCompileClasspath,e2eTestRuntimeClasspath,exampleTestCompileClasspath,exampleTestRuntimeClasspath,integTestCompileClasspath,integTestRuntimeClasspath,testCompileClasspath,testRuntimeClasspath,testcontainerTestCompileClasspath,testcontainerTestRuntimeClasspath
commons-beanutils:commons-beanutils:1.11.0=checkstyle
commons-collections:commons-collections:3.2.2=checkstyle
commons-io:commons-io:2.21.0=spotbugs
commons-logging:commons-logging:1.3.6=compileClasspath,e2eTestCompileClasspath,e2eTestRuntimeClasspath,exampleTestCompileClasspath,exampleTestRuntimeClasspath,integTestCompileClasspath,integTestRuntimeClasspath,runtimeClasspath,testCompileClasspath,testRuntimeClasspath,testcontainerTestCompileClasspath,testcontainerTestRuntimeClasspath
info.picocli:picocli:4.7.7=checkstyle
io.github.resilience4j:resilience4j-core:1.7.1=compileClasspath,e2eTestCompileClasspath,e2eTestRuntimeClasspath,exampleTestCompileClasspath,exampleTestRuntimeClasspath,integTestCompileClasspath,integTestRuntimeClasspath,runtimeClasspath,testCompileClasspath,testRuntimeClasspath,testcontainerTestCompileClasspath,testcontainerTestRuntimeClasspath
io.github.resilience4j:resilience4j-ratelimiter:1.7.1=compileClasspath,e2eTestCompileClasspath,e2eTestRuntimeClasspath,exampleTestCompileClasspath,exampleTestRuntimeClasspath,integTestCompileClasspath,integTestRuntimeClasspath,runtimeClasspath,testCompileClasspath,testRuntimeClasspath,testcontainerTestCompileClasspath,testcontainerTestRuntimeClasspath
io.github.resilience4j:resilience4j-retry:1.7.1=compileClasspath,e2eTestCompileClasspath,e2eTestRuntimeClasspath,exampleTestCompileClasspath,exampleTestRuntimeClasspath,integTestCompileClasspath,integTestRuntimeClasspath,runtimeClasspath,testCompileClasspath,testRuntimeClasspath,testcontainerTestCompileClasspath,testcontainerTestRuntimeClasspath
io.micrometer:micrometer-commons:1.17.1=compileClasspath,e2eTestCompileClasspath,e2eTestRuntimeClasspath,exampleTestCompileClasspath,exampleTestRuntimeClasspath,integTestCompileClasspath,integTestRuntimeClasspath,runtimeClasspath,testCompileClasspath,testRuntimeClasspath,testcontainerTestCompileClasspath,testcontainerTestRuntimeClasspath
io.micrometer:micrometer-observation:1.17.1=compileClasspath,e2eTestCompileClasspath,e2eTestRuntimeClasspath,exampleTestCompileClasspath,exampleTestRuntimeClasspath,integTestCompileClasspath,integTestRuntimeClasspath,runtimeClasspath,testCompileClasspath,testRuntimeClasspath,testcontainerTestCompileClasspath,testcontainerTestRuntimeClasspath
io.vavr:vavr-match:0.10.2=compileClasspath,e2eTestCompileClasspath,e2eTestRuntimeClasspath,exampleTestCompileClasspath,exampleTestRuntimeClasspath,integTestCompileClasspath,integTestRuntimeClasspath,runtimeClasspath,testCompileClasspath,testRuntimeClasspath,testcontainerTestCompileClasspath,testcontainerTestRuntimeClasspath
io.vavr:vavr:0.10.2=compileClasspath,e2eTestCompileClasspath,e2eTestRuntimeClasspath,exampleTestCompileClasspath,exampleTestRuntimeClasspath,integTestCompileClasspath,integTestRuntimeClasspath,runtimeClasspath,testCompileClasspath,testRuntimeClasspath,testcontainerTestCompileClasspath,testcontainerTestRuntimeClasspath
jakarta.activation:jakarta.activation-api:2.1.4=e2eTestCompileClasspath,e2eTestRuntimeClasspath,exampleTestCompileClasspath,exampleTestRuntimeClasspath,integTestCompileClasspath,integTestRuntimeClasspath,testCompileClasspath,testRuntimeClasspath,testcontainerTestCompileClasspath,testcontainerTestRuntimeClasspath
jakarta.annotation:jakarta.annotation-api:3.0.0=compileClasspath,e2eTestCompileClasspath,e2eTestRuntimeClasspath,exampleTestCompileClasspath,exampleTestRuntimeClasspath,integTestCompileClasspath,integTestRuntimeClasspath,runtimeClasspath,testCompileClasspath,testRuntimeClasspath,testcontainerTestCompileClasspath,testcontainerTestRuntimeClasspath
jakarta.ws.rs:jakarta.ws.rs-api:4.0.0=compileClasspath,e2eTestCompileClasspath,e2eTestRuntimeClasspath,exampleTestCompileClasspath,exampleTestRuntimeClasspath,integTestCompileClasspath,integTestRuntimeClasspath,runtimeClasspath,testCompileClasspath,testRuntimeClasspath,testcontainerTestCompileClasspath,testcontainerTestRuntimeClasspath
jakarta.xml.bind:jakarta.xml.bind-api:4.0.5=e2eTestCompileClasspath,e2eTestRuntimeClasspath,exampleTestCompileClasspath,exampleTestRuntimeClasspath,integTestCompileClasspath,integTestRuntimeClasspath,testCompileClasspath,testRuntimeClasspath,testcontainerTestCompileClasspath,testcontainerTestRuntimeClasspath
javax.ws.rs:javax.ws.rs-api:2.1.1=e2eTestRuntimeClasspath,exampleTestRuntimeClasspath,integTestRuntimeClasspath,runtimeClasspath,testRuntimeClasspath,testcontainerTestRuntimeClasspath
jaxen:jaxen:2.0.6=spotbugs
net.bytebuddy:byte-buddy-agent:1.18.11=e2eTestCompileClasspath,e2eTestRuntimeClasspath,exampleTestCompileClasspath,exampleTestRuntimeClasspath,integTestCompileClasspath,integTestRuntimeClasspath,testCompileClasspath,testRuntimeClasspath,testcontainerTestCompileClasspath,testcontainerTestRuntimeClasspath
net.bytebuddy:byte-buddy:1.18.11=e2eTestCompileClasspath,e2eTestRuntimeClasspath,exampleTestCompileClasspath,exampleTestRuntimeClasspath,integTestCompileClasspath,integTestRuntimeClasspath,testCompileClasspath,testRuntimeClasspath,testcontainerTestCompileClasspath,testcontainerTestRuntimeClasspath
net.minidev:accessors-smart:2.6.0=e2eTestCompileClasspath,e2eTestRuntimeClasspath,exampleTestCompileClasspath,exampleTestRuntimeClasspath,integTestCompileClasspath,integTestRuntimeClasspath,testCompileClasspath,testRuntimeClasspath,testcontainerTestCompileClasspath,testcontainerTestRuntimeClasspath
net.minidev:json-smart:2.6.0=e2eTestCompileClasspath,e2eTestRuntimeClasspath,exampleTestCompileClasspath,exampleTestRuntimeClasspath,integTestCompileClasspath,integTestRuntimeClasspath,testCompileClasspath,testRuntimeClasspath,testcontainerTestCompileClasspath,testcontainerTestRuntimeClasspath
net.sf.saxon:Saxon-HE:12.10=spotbugs
net.sf.saxon:Saxon-HE:12.9=checkstyle
oauth.signpost:signpost-core:2.1.1=compileClasspath,e2eTestCompileClasspath,e2eTestRuntimeClasspath,exampleTestCompileClasspath,exampleTestRuntimeClasspath,integTestCompileClasspath,integTestRuntimeClasspath,runtimeClasspath,testCompileClasspath,testRuntimeClasspath,testcontainerTestCompileClasspath,testcontainerTestRuntimeClasspath
org.antlr:antlr4-runtime:4.13.2=checkstyle
org.apache.bcel:bcel:6.12.0=spotbugs
org.apache.commons:commons-lang3:3.20.0=checkstyle,compileClasspath,e2eTestCompileClasspath,e2eTestRuntimeClasspath,exampleTestCompileClasspath,exampleTestRuntimeClasspath,integTestCompileClasspath,integTestRuntimeClasspath,runtimeClasspath,spotbugs,testCompileClasspath,testRuntimeClasspath,testcontainerTestCompileClasspath,testcontainerTestRuntimeClasspath
org.apache.commons:commons-text:1.15.0=spotbugs
org.apache.commons:commons-text:1.3=checkstyle
org.apache.httpcomponents:httpclient:4.5.13=checkstyle
org.apache.httpcomponents:httpcore:4.4.16=checkstyle
org.apache.logging.log4j:log4j-api:2.25.5=compileClasspath,e2eTestCompileClasspath,e2eTestRuntimeClasspath,exampleTestCompileClasspath,exampleTestRuntimeClasspath,integTestCompileClasspath,integTestRuntimeClasspath,runtimeClasspath,spotbugs,testCompileClasspath,testRuntimeClasspath,testcontainerTestCompileClasspath,testcontainerTestRuntimeClasspath
org.apache.logging.log4j:log4j-core:2.25.5=spotbugs
org.apache.logging.log4j:log4j-to-slf4j:2.25.5=compileClasspath,e2eTestCompileClasspath,e2eTestRuntimeClasspath,exampleTestCompileClasspath,exampleTestRuntimeClasspath,integTestCompileClasspath,integTestRuntimeClasspath,runtimeClasspath,testCompileClasspath,testRuntimeClasspath,testcontainerTestCompileClasspath,testcontainerTestRuntimeClasspath
org.apache.maven.doxia:doxia-core:1.12.0=checkstyle
org.apache.maven.doxia:doxia-logging-api:1.12.0=checkstyle
org.apache.maven.doxia:doxia-module-xdoc:1.12.0=checkstyle
org.apache.maven.doxia:doxia-sink-api:1.12.0=checkstyle
org.apache.xbean:xbean-reflect:3.7=checkstyle
org.apiguardian:apiguardian-api:1.1.2=e2eTestCompileClasspath,exampleTestCompileClasspath,integTestCompileClasspath,testCompileClasspath,testcontainerTestCompileClasspath
org.assertj:assertj-core:3.27.7=e2eTestCompileClasspath,e2eTestRuntimeClasspath,exampleTestCompileClasspath,exampleTestRuntimeClasspath,integTestCompileClasspath,integTestRuntimeClasspath,testCompileClasspath,testRuntimeClasspath,testcontainerTestCompileClasspath,testcontainerTestRuntimeClasspath
org.awaitility:awaitility:4.3.0=e2eTestCompileClasspath,e2eTestRuntimeClasspath,exampleTestCompileClasspath,exampleTestRuntimeClasspath,integTestCompileClasspath,integTestRuntimeClasspath,testCompileClasspath,testRuntimeClasspath,testcontainerTestCompileClasspath,testcontainerTestRuntimeClasspath
org.checkerframework:checker-qual:3.52.1=checkstyle
org.codehaus.plexus:plexus-classworlds:2.6.0=checkstyle
org.codehaus.plexus:plexus-component-annotations:2.1.0=checkstyle
org.codehaus.plexus:plexus-container-default:2.1.0=checkstyle
org.codehaus.plexus:plexus-utils:3.3.0=checkstyle
org.dom4j:dom4j:2.2.0=spotbugs
org.hamcrest:hamcrest:3.0=e2eTestCompileClasspath,e2eTestRuntimeClasspath,exampleTestCompileClasspath,exampleTestRuntimeClasspath,integTestCompileClasspath,integTestRuntimeClasspath,testCompileClasspath,testRuntimeClasspath,testcontainerTestCompileClasspath,testcontainerTestRuntimeClasspath
org.jacoco:org.jacoco.agent:0.8.14=jacocoAgent,jacocoAnt
org.jacoco:org.jacoco.ant:0.8.14=jacocoAnt
org.jacoco:org.jacoco.core:0.8.14=jacocoAnt
org.jacoco:org.jacoco.report:0.8.14=jacocoAnt
org.javassist:javassist:3.28.0-GA=checkstyle
org.jspecify:jspecify:1.0.1=checkstyle,compileClasspath,e2eTestCompileClasspath,e2eTestRuntimeClasspath,exampleTestCompileClasspath,exampleTestRuntimeClasspath,integTestCompileClasspath,integTestRuntimeClasspath,runtimeClasspath,testCompileClasspath,testRuntimeClasspath,testcontainerTestCompileClasspath,testcontainerTestRuntimeClasspath
org.junit.jupiter:junit-jupiter-api:6.0.3=e2eTestCompileClasspath,e2eTestRuntimeClasspath,exampleTestCompileClasspath,exampleTestRuntimeClasspath,integTestCompileClasspath,integTestRuntimeClasspath,testCompileClasspath,testRuntimeClasspath,testcontainerTestCompileClasspath,testcontainerTestRuntimeClasspath
org.junit.jupiter:junit-jupiter-engine:6.0.3=e2eTestRuntimeClasspath,exampleTestRuntimeClasspath,integTestRuntimeClasspath,testRuntimeClasspath,testcontainerTestRuntimeClasspath
org.junit.jupiter:junit-jupiter-params:6.0.3=e2eTestCompileClasspath,e2eTestRuntimeClasspath,exampleTestCompileClasspath,exampleTestRuntimeClasspath,integTestCompileClasspath,integTestRuntimeClasspath,testCompileClasspath,testRuntimeClasspath,testcontainerTestCompileClasspath,testcontainerTestRuntimeClasspath
org.junit.jupiter:junit-jupiter:6.0.3=e2eTestCompileClasspath,e2eTestRuntimeClasspath,exampleTestCompileClasspath,exampleTestRuntimeClasspath,integTestCompileClasspath,integTestRuntimeClasspath,testCompileClasspath,testRuntimeClasspath,testcontainerTestCompileClasspath,testcontainerTestRuntimeClasspath
org.junit.platform:junit-platform-commons:6.0.3=e2eTestCompileClasspath,e2eTestRuntimeClasspath,exampleTestCompileClasspath,exampleTestRuntimeClasspath,integTestCompileClasspath,integTestRuntimeClasspath,testCompileClasspath,testRuntimeClasspath,testcontainerTestCompileClasspath,testcontainerTestRuntimeClasspath
org.junit.platform:junit-platform-engine:6.0.3=e2eTestRuntimeClasspath,exampleTestRuntimeClasspath,integTestRuntimeClasspath,testRuntimeClasspath,testcontainerTestRuntimeClasspath
org.junit.platform:junit-platform-launcher:6.0.3=e2eTestRuntimeClasspath,exampleTestRuntimeClasspath,integTestRuntimeClasspath,testRuntimeClasspath,testcontainerTestRuntimeClasspath
org.junit:junit-bom:6.0.3=e2eTestCompileClasspath,e2eTestRuntimeClasspath,exampleTestCompileClasspath,exampleTestRuntimeClasspath,integTestCompileClasspath,integTestRuntimeClasspath,testCompileClasspath,testRuntimeClasspath,testcontainerTestCompileClasspath,testcontainerTestRuntimeClasspath
org.knowm.xchange:xchange-bitfinex:5.2.5=compileClasspath,e2eTestCompileClasspath,e2eTestRuntimeClasspath,exampleTestCompileClasspath,exampleTestRuntimeClasspath,integTestCompileClasspath,integTestRuntimeClasspath,runtimeClasspath,testCompileClasspath,testRuntimeClasspath,testcontainerTestCompileClasspath,testcontainerTestRuntimeClasspath
org.knowm.xchange:xchange-bitstamp:5.2.5=compileClasspath,e2eTestCompileClasspath,e2eTestRuntimeClasspath,exampleTestCompileClasspath,exampleTestRuntimeClasspath,integTestCompileClasspath,integTestRuntimeClasspath,runtimeClasspath,testCompileClasspath,testRuntimeClasspath,testcontainerTestCompileClasspath,testcontainerTestRuntimeClasspath
org.knowm.xchange:xchange-core:5.2.5=compileClasspath,e2eTestCompileClasspath,e2eTestRuntimeClasspath,exampleTestCompileClasspath,exampleTestRuntimeClasspath,integTestCompileClasspath,integTestRuntimeClasspath,runtimeClasspath,testCompileClasspath,testRuntimeClasspath,testcontainerTestCompileClasspath,testcontainerTestRuntimeClasspath
org.knowm.xchange:xchange-gemini:5.2.5=compileClasspath,e2eTestCompileClasspath,e2eTestRuntimeClasspath,exampleTestCompileClasspath,exampleTestRuntimeClasspath,integTestCompileClasspath,integTestRuntimeClasspath,runtimeClasspath,testCompileClasspath,testRuntimeClasspath,testcontainerTestCompileClasspath,testcontainerTestRuntimeClasspath
org.knowm.xchange:xchange-kraken:5.2.5=compileClasspath,e2eTestCompileClasspath,e2eTestRuntimeClasspath,exampleTestCompileClasspath,exampleTestRuntimeClasspath,integTestCompileClasspath,integTestRuntimeClasspath,runtimeClasspath,testCompileClasspath,testRuntimeClasspath,testcontainerTestCompileClasspath,testcontainerTestRuntimeClasspath
org.mockito:mockito-core:5.23.0=e2eTestCompileClasspath,e2eTestRuntimeClasspath,exampleTestCompileClasspath,exampleTestRuntimeClasspath,integTestCompileClasspath,integTestRuntimeClasspath,testCompileClasspath,testRuntimeClasspath,testcontainerTestCompileClasspath,testcontainerTestRuntimeClasspath
org.mockito:mockito-junit-jupiter:5.23.0=e2eTestCompileClasspath,e2eTestRuntimeClasspath,exampleTestCompileClasspath,exampleTestRuntimeClasspath,integTestCompileClasspath,integTestRuntimeClasspath,testCompileClasspath,testRuntimeClasspath,testcontainerTestCompileClasspath,testcontainerTestRuntimeClasspath
org.objenesis:objenesis:3.3=e2eTestRuntimeClasspath,exampleTestRuntimeClasspath,integTestRuntimeClasspath,testRuntimeClasspath,testcontainerTestRuntimeClasspath
org.opentest4j:opentest4j:1.3.0=e2eTestCompileClasspath,e2eTestRuntimeClasspath,exampleTestCompileClasspath,exampleTestRuntimeClasspath,integTestCompileClasspath,integTestRuntimeClasspath,testCompileClasspath,testRuntimeClasspath,testcontainerTestCompileClasspath,testcontainerTestRuntimeClasspath
org.osgi:org.osgi.annotation.bundle:2.0.0=compileClasspath,e2eTestCompileClasspath,exampleTestCompileClasspath,integTestCompileClasspath,testCompileClasspath,testcontainerTestCompileClasspath
org.osgi:org.osgi.annotation.versioning:1.1.2=compileClasspath,e2eTestCompileClasspath,exampleTestCompileClasspath,integTestCompileClasspath,testCompileClasspath,testcontainerTestCompileClasspath
org.osgi:org.osgi.resource:1.0.0=compileClasspath,e2eTestCompileClasspath,exampleTestCompileClasspath,integTestCompileClasspath,testCompileClasspath,testcontainerTestCompileClasspath
org.osgi:org.osgi.service.serviceloader:1.0.0=compileClasspath,e2eTestCompileClasspath,exampleTestCompileClasspath,integTestCompileClasspath,testCompileClasspath,testcontainerTestCompileClasspath
org.ow2.asm:asm-analysis:9.10.1=spotbugs
org.ow2.asm:asm-commons:9.10.1=spotbugs
org.ow2.asm:asm-commons:9.9=jacocoAnt
org.ow2.asm:asm-tree:9.10.1=spotbugs
org.ow2.asm:asm-tree:9.9=jacocoAnt
org.ow2.asm:asm-util:9.10.1=spotbugs
org.ow2.asm:asm:9.10.1=spotbugs
org.ow2.asm:asm:9.7.1=e2eTestCompileClasspath,e2eTestRuntimeClasspath,exampleTestCompileClasspath,exampleTestRuntimeClasspath,integTestCompileClasspath,integTestRuntimeClasspath,testCompileClasspath,testRuntimeClasspath,testcontainerTestCompileClasspath,testcontainerTestRuntimeClasspath
org.ow2.asm:asm:9.9=jacocoAnt
org.projectlombok:lombok:1.18.48=annotationProcessor,compileClasspath,e2eTestAnnotationProcessor,e2eTestCompileClasspath,exampleTestAnnotationProcessor,exampleTestCompileClasspath,integTestAnnotationProcessor,integTestCompileClasspath,lombok,testAnnotationProcessor,testCompileClasspath,testcontainerTestAnnotationProcessor,testcontainerTestCompileClasspath
org.reflections:reflections:0.10.2=checkstyle
org.skyscreamer:jsonassert:1.5.3=e2eTestCompileClasspath,e2eTestRuntimeClasspath,exampleTestCompileClasspath,exampleTestRuntimeClasspath,integTestCompileClasspath,integTestRuntimeClasspath,testCompileClasspath,testRuntimeClasspath,testcontainerTestCompileClasspath,testcontainerTestRuntimeClasspath
org.slf4j:jul-to-slf4j:2.0.18=compileClasspath,e2eTestCompileClasspath,e2eTestRuntimeClasspath,exampleTestCompileClasspath,exampleTestRuntimeClasspath,integTestCompileClasspath,integTestRuntimeClasspath,runtimeClasspath,testCompileClasspath,testRuntimeClasspath,testcontainerTestCompileClasspath,testcontainerTestRuntimeClasspath
org.slf4j:slf4j-api:2.0.18=compileClasspath,e2eTestCompileClasspath,e2eTestRuntimeClasspath,exampleTestCompileClasspath,exampleTestRuntimeClasspath,integTestCompileClasspath,integTestRuntimeClasspath,runtimeClasspath,spotbugs,spotbugsSlf4j,testCompileClasspath,testRuntimeClasspath,testcontainerTestCompileClasspath,testcontainerTestRuntimeClasspath
org.slf4j:slf4j-simple:2.0.17=spotbugsSlf4j
org.slf4j:slf4j-simple:2.0.18=checkstyle
org.springframework.boot:spring-boot-autoconfigure:4.1.1=compileClasspath,e2eTestCompileClasspath,e2eTestRuntimeClasspath,exampleTestCompileClasspath,exampleTestRuntimeClasspath,integTestCompileClasspath,integTestRuntimeClasspath,runtimeClasspath,testCompileClasspath,testRuntimeClasspath,testcontainerTestCompileClasspath,testcontainerTestRuntimeClasspath
org.springframework.boot:spring-boot-starter-logging:4.1.1=compileClasspath,e2eTestCompileClasspath,e2eTestRuntimeClasspath,exampleTestCompileClasspath,exampleTestRuntimeClasspath,integTestCompileClasspath,integTestRuntimeClasspath,runtimeClasspath,testCompileClasspath,testRuntimeClasspath,testcontainerTestCompileClasspath,testcontainerTestRuntimeClasspath
org.springframework.boot:spring-boot-starter-test:4.1.1=e2eTestCompileClasspath,e2eTestRuntimeClasspath,exampleTestCompileClasspath,exampleTestRuntimeClasspath,integTestCompileClasspath,integTestRuntimeClasspath,testCompileClasspath,testRuntimeClasspath,testcontainerTestCompileClasspath,testcontainerTestRuntimeClasspath
org.springframework.boot:spring-boot-starter:4.1.1=compileClasspath,e2eTestCompileClasspath,e2eTestRuntimeClasspath,exampleTestCompileClasspath,exampleTestRuntimeClasspath,integTestCompileClasspath,integTestRuntimeClasspath,runtimeClasspath,testCompileClasspath,testRuntimeClasspath,testcontainerTestCompileClasspath,testcontainerTestRuntimeClasspath
org.springframework.boot:spring-boot-test-autoconfigure:4.1.1=e2eTestCompileClasspath,e2eTestRuntimeClasspath,exampleTestCompileClasspath,exampleTestRuntimeClasspath,integTestCompileClasspath,integTestRuntimeClasspath,testCompileClasspath,testRuntimeClasspath,testcontainerTestCompileClasspath,testcontainerTestRuntimeClasspath
org.springframework.boot:spring-boot-test:4.1.1=e2eTestCompileClasspath,e2eTestRuntimeClasspath,exampleTestCompileClasspath,exampleTestRuntimeClasspath,integTestCompileClasspath,integTestRuntimeClasspath,testCompileClasspath,testRuntimeClasspath,testcontainerTestCompileClasspath,testcontainerTestRuntimeClasspath
org.springframework.boot:spring-boot:4.1.1=compileClasspath,e2eTestCompileClasspath,e2eTestRuntimeClasspath,exampleTestCompileClasspath,exampleTestRuntimeClasspath,integTestCompileClasspath,integTestRuntimeClasspath,runtimeClasspath,testCompileClasspath,testRuntimeClasspath,testcontainerTestCompileClasspath,testcontainerTestRuntimeClasspath
org.springframework:spring-aop:7.0.9=compileClasspath,e2eTestCompileClasspath,e2eTestRuntimeClasspath,exampleTestCompileClasspath,exampleTestRuntimeClasspath,integTestCompileClasspath,integTestRuntimeClasspath,runtimeClasspath,testCompileClasspath,testRuntimeClasspath,testcontainerTestCompileClasspath,testcontainerTestRuntimeClasspath
org.springframework:spring-beans:7.0.9=compileClasspath,e2eTestCompileClasspath,e2eTestRuntimeClasspath,exampleTestCompileClasspath,exampleTestRuntimeClasspath,integTestCompileClasspath,integTestRuntimeClasspath,runtimeClasspath,testCompileClasspath,testRuntimeClasspath,testcontainerTestCompileClasspath,testcontainerTestRuntimeClasspath
org.springframework:spring-context:7.0.9=compileClasspath,e2eTestCompileClasspath,e2eTestRuntimeClasspath,exampleTestCompileClasspath,exampleTestRuntimeClasspath,integTestCompileClasspath,integTestRuntimeClasspath,runtimeClasspath,testCompileClasspath,testRuntimeClasspath,testcontainerTestCompileClasspath,testcontainerTestRuntimeClasspath
org.springframework:spring-core:7.0.9=compileClasspath,e2eTestCompileClasspath,e2eTestRuntimeClasspath,exampleTestCompileClasspath,exampleTestRuntimeClasspath,integTestCompileClasspath,integTestRuntimeClasspath,runtimeClasspath,testCompileClasspath,testRuntimeClasspath,testcontainerTestCompileClasspath,testcontainerTestRuntimeClasspath
org.springframework:spring-expression:7.0.9=compileClasspath,e2eTestCompileClasspath,e2eTestRuntimeClasspath,exampleTestCompileClasspath,exampleTestRuntimeClasspath,integTestCompileClasspath,integTestRuntimeClasspath,runtimeClasspath,testCompileClasspath,testRuntimeClasspath,testcontainerTestCompileClasspath,testcontainerTestRuntimeClasspath
org.springframework:spring-test:7.0.9=e2eTestCompileClasspath,e2eTestRuntimeClasspath,exampleTestCompileClasspath,exampleTestRuntimeClasspath,integTestCompileClasspath,integTestRuntimeClasspath,testCompileClasspath,testRuntimeClasspath,testcontainerTestCompileClasspath,testcontainerTestRuntimeClasspath
org.xmlresolver:xmlresolver:5.3.3=checkstyle,spotbugs
org.xmlunit:xmlunit-core:2.11.0=e2eTestCompileClasspath,e2eTestRuntimeClasspath,exampleTestCompileClasspath,exampleTestRuntimeClasspath,integTestCompileClasspath,integTestRuntimeClasspath,testCompileClasspath,testRuntimeClasspath,testcontainerTestCompileClasspath,testcontainerTestRuntimeClasspath
org.yaml:snakeyaml:2.6=compileClasspath,e2eTestCompileClasspath,e2eTestRuntimeClasspath,exampleTestCompileClasspath,exampleTestRuntimeClasspath,integTestCompileClasspath,integTestRuntimeClasspath,runtimeClasspath,testCompileClasspath,testRuntimeClasspath,testcontainerTestCompileClasspath,testcontainerTestRuntimeClasspath
empty=
